
Microsoft Visual Studio Solution File, Format Version 12.00
# Visual Studio Version 16
VisualStudioVersion = 16.0.30621.155
MinimumVisualStudioVersion = 10.0.40219.1
Project("{FAE04EC0-301F-11D3-BF4B-00C04F79EFBC}") = "password_generator_test", "password_generator_test\password_generator_test.csproj", "{8ADCEE0A-EF55-4F41-AA93-81CF38A2C59D}"
EndProject
Global
	GlobalSection(SolutionConfigurationPlatforms) = preSolution
		Debug|Any CPU = Debug|Any CPU
		Release|Any CPU = Release|Any CPU
	EndGlobalSection
	GlobalSection(ProjectConfigurationPlatforms) = postSolution
		{8ADCEE0A-EF55-4F41-AA93-81CF38A2C59D}.Debug|Any CPU.ActiveCfg = Debug|Any CPU
		{8ADCEE0A-EF55-4F41-AA93-81CF38A2C59D}.Debug|Any CPU.Build.0 = Debug|Any CPU
		{8ADCEE0A-EF55-4F41-AA93-81CF38A2C59D}.Release|Any CPU.ActiveCfg = Release|Any CPU
		{8ADCEE0A-EF55-4F41-AA93-81CF38A2C59D}.Release|Any CPU.Build.0 = Release|Any CPU
	EndGlobalSection
	GlobalSection(SolutionProperties) = preSolution
		HideSolutionNode = FALSE
	EndGlobalSection
	GlobalSection(ExtensibilityGlobals) = postSolution
		SolutionGuid = {11187279-91BD-432C-A7D6-874F5DD1D1AA}
	EndGlobalSection
EndGlobal
